{
  "name": "@brtmvdl/database",
  "version": "0.2.0",
  "lockfileVersion": 3,
  "requires": true,
  "packages": {
    "": {
      "name": "@brtmvdl/database",
      "version": "0.2.0",
      "dependencies": {
        "@brtmvdl/uuid": "^0.2.0"
      },
      "bin": {
        "database": "bin/index.js"
      }
    },
    "node_modules/@brtmvdl/uuid": {
      "version": "0.2.0",
      "resolved": "https://registry.npmjs.org/@brtmvdl/uuid/-/uuid-0.2.0.tgz",
      "integrity": "sha512-DYldjPmwMo7f5sZddFYmzkjJmk4ySLfmK6BApYmLW2V/do5MtJsBbd3TnDEW/vPfP5+ISIsy+oV8NrwR5LhqWg=="
    }
  }
}
